
Microsoft Visual Studio Solution File, Format Version 12.00
# Visual Studio Version 16
VisualStudioVersion = 16.0.30621.155
MinimumVisualStudioVersion = 10.0.40219.1
Project("{9A19103F-16F7-4668-BE54-9A1E7A4F7556}") = "cw3", "Wyklad3\cw3.csproj", "{B4A5C2A1-85CF-46C7-A174-89410981C8EF}"
EndProject
Global
	GlobalSection(SolutionConfigurationPlatforms) = preSolution
		Debug|Any CPU = Debug|Any CPU
		Release|Any CPU = Release|Any CPU
	EndGlobalSection
	GlobalSection(ProjectConfigurationPlatforms) = postSolution
		{B4A5C2A1-85CF-46C7-A174-89410981C8EF}.Debug|Any CPU.ActiveCfg = Debug|Any CPU
		{B4A5C2A1-85CF-46C7-A174-89410981C8EF}.Debug|Any CPU.Build.0 = Debug|Any CPU
		{B4A5C2A1-85CF-46C7-A174-89410981C8EF}.Release|Any CPU.ActiveCfg = Release|Any CPU
		{B4A5C2A1-85CF-46C7-A174-89410981C8EF}.Release|Any CPU.Build.0 = Release|Any CPU
	EndGlobalSection
	GlobalSection(SolutionProperties) = preSolution
		HideSolutionNode = FALSE
	EndGlobalSection
	GlobalSection(ExtensibilityGlobals) = postSolution
		SolutionGuid = {F2A62049-0BEF-476D-940E-90AA547676B5}
	EndGlobalSection
EndGlobal
